// !$*UTF8*$!
{
	archiveVersion = 1;
	classes = {
	};
	objectVersion = 56;
	objects = {

/* Begin PBXBuildFile section */
		D0A7FA8D2963E87D00D7C6A2 /* AppDelegate.swift in Sources */ = {isa = PBXBuildFile; fileRef = D0A7FA8C2963E87D00D7C6A2 /* AppDelegate.swift */; };
		D0A7FA8F2963E87D00D7C6A2 /* SceneDelegate.swift in Sources */ = {isa = PBXBuildFile; fileRef = D0A7FA8E2963E87D00D7C6A2 /* SceneDelegate.swift */; };
		D0A7FA912963E87D00D7C6A2 /* ViewController.swift in Sources */ = {isa = PBXBuildFile; fileRef = D0A7FA902963E87D00D7C6A2 /* ViewController.swift */; };
		D0A7FA942963E87D00D7C6A2 /* Main.storyboard in Resources */ = {isa = PBXBuildFile; fileRef = D0A7FA922963E87D00D7C6A2 /* Main.storyboard */; };
		D0A7FA962963E87E00D7C6A2 /* Assets.xcassets in Resources */ = {isa = PBXBuildFile; fileRef = D0A7FA952963E87E00D7C6A2 /* Assets.xcassets */; };
		D0A7FA992963E87E00D7C6A2 /* LaunchScreen.storyboard in Resources */ = {isa = PBXBuildFile; fileRef = D0A7FA972963E87E00D7C6A2 /* LaunchScreen.storyboard */; };
		D0A7FAA42963E87E00D7C6A2 /* dhmindfulTests.swift in Sources */ = {isa = PBXBuildFile; fileRef = D0A7FAA32963E87E00D7C6A2 /* dhmindfulTests.swift */; };
		D0A7FAAE2963E87E00D7C6A2 /* dhmindfulUITests.swift in Sources */ = {isa = PBXBuildFile; fileRef = D0A7FAAD2963E87E00D7C6A2 /* dhmindfulUITests.swift */; };
		D0A7FAB02963E87E00D7C6A2 /* dhmindfulUITestsLaunchTests.swift in Sources */ = {isa = PBXBuildFile; fileRef = D0A7FAAF2963E87E00D7C6A2 /* dhmindfulUITestsLaunchTests.swift */; };
/* End PBXBuildFile section */

/* Begin PBXContainerItemProxy section */
		D0A7FAA02963E87E00D7C6A2 /* PBXContainerItemProxy */ = {
			isa = PBXContainerItemProxy;
			containerPortal = D0A7FA812963E87D00D7C6A2 /* Project object */;
			proxyType = 1;
			remoteGlobalIDString = D0A7FA882963E87D00D7C6A2;
			remoteInfo = dhmindful;
		};
		D0A7FAAA2963E87E00D7C6A2 /* PBXContainerItemProxy */ = {
			isa = PBXContainerItemProxy;
			containerPortal = D0A7FA812963E87D00D7C6A2 /* Project object */;
			proxyType = 1;
			remoteGlobalIDString = D0A7FA882963E87D00D7C6A2;
			remoteInfo = dhmindful;
		};
/* End PBXContainerItemProxy section */

/* Begin PBXFileReference section */
		D0A7FA892963E87D00D7C6A2 /* dhmindful.app */ = {isa = PBXFileReference; explicitFileType = wrapper.application; includeInIndex = 0; path = dhmindful.app; sourceTree = BUILT_PRODUCTS_DIR; };
		D0A7FA8C2963E87D00D7C6A2 /* AppDelegate.swift */ = {isa = PBXFileReference; lastKnownFileType = sourcecode.swift; path = AppDelegate.swift; sourceTree = "<group>"; };
		D0A7FA8E2963E87D00D7C6A2 /* SceneDelegate.swift */ = {isa = PBXFileReference; lastKnownFileType = sourcecode.swift; path = SceneDelegate.swift; sourceTree = "<group>"; };
		D0A7FA902963E87D00D7C6A2 /* ViewController.swift */ = {isa = PBXFileReference; lastKnownFileType = sourcecode.swift; path = ViewController.swift; sourceTree = "<group>"; };
		D0A7FA932963E87D00D7C6A2 /* Base */ = {isa = PBXFileReference; lastKnownFileType = file.storyboard; name = Base; path = Base.lproj/Main.storyboard; sourceTree = "<group>"; };
		D0A7FA952963E87E00D7C6A2 /* Assets.xcassets */ = {isa = PBXFileReference; lastKnownFileType = folder.assetcatalog; path = Assets.xcassets; sourceTree = "<group>"; };
		D0A7FA982963E87E00D7C6A2 /* Base */ = {isa = PBXFileReference; lastKnownFileType = file.storyboard; name = Base; path = Base.lproj/LaunchScreen.storyboard; sourceTree = "<group>"; };
		D0A7FA9A2963E87E00D7C6A2 /* Info.plist */ = {isa = PBXFileReference; lastKnownFileType = text.plist.xml; path = Info.plist; sourceTree = "<group>"; };
		D0A7FA9F2963E87E00D7C6A2 /* dhmindfulTests.xctest */ = {isa = PBXFileReference; explicitFileType = wrapper.cfbundle; includeInIndex = 0; path = dhmindfulTests.xctest; sourceTree = BUILT_PRODUCTS_DIR; };
		D0A7FAA32963E87E00D7C6A2 /* dhmindfulTests.swift */ = {isa = PBXFileReference; lastKnownFileType = sourcecode.swift; path = dhmindfulTests.swift; sourceTree = "<group>"; };
		D0A7FAA92963E87E00D7C6A2 /* dhmindfulUITests.xctest */ = {isa = PBXFileReference; explicitFileType = wrapper.cfbundle; includeInIndex = 0; path = dhmindfulUITests.xctest; sourceTree = BUILT_PRODUCTS_DIR; };
		D0A7FAAD2963E87E00D7C6A2 /* dhmindfulUITests.swift */ = {isa = PBXFileReference; lastKnownFileType = sourcecode.swift; path = dhmindfulUITests.swift; sourceTree = "<group>"; };
		D0A7FAAF2963E87E00D7C6A2 /* dhmindfulUITestsLaunchTests.swift */ = {isa = PBXFileReference; lastKnownFileType = sourcecode.swift; path = dhmindfulUITestsLaunchTests.swift; sourceTree = "<group>"; };
/* End PBXFileReference section */

/* Begin PBXFrameworksBuildPhase section */
		D0A7FA862963E87D00D7C6A2 /* Frameworks */ = {
			isa = PBXFrameworksBuildPhase;
			buildActionMask = 2147483647;
			files = (
			);
			runOnlyForDeploymentPostprocessing = 0;
		};
		D0A7FA9C2963E87E00D7C6A2 /* Frameworks */ = {
			isa = PBXFrameworksBuildPhase;
			buildActionMask = 2147483647;
			files = (
			);
			runOnlyForDeploymentPostprocessing = 0;
		};
		D0A7FAA62963E87E00D7C6A2 /* Frameworks */ = {
			isa = PBXFrameworksBuildPhase;
			buildActionMask = 2147483647;
			files = (
			);
			runOnlyForDeploymentPostprocessing = 0;
		};
/* End PBXFrameworksBuildPhase section */

/* Begin PBXGroup section */
		D0A7FA802963E87D00D7C6A2 = {
			isa = PBXGroup;
			children = (
				D0A7FA8B2963E87D00D7C6A2 /* dhmindful */,
				D0A7FAA22963E87E00D7C6A2 /* dhmindfulTests */,
				D0A7FAAC2963E87E00D7C6A2 /* dhmindfulUITests */,
				D0A7FA8A2963E87D00D7C6A2 /* Products */,
			);
			sourceTree = "<group>";
		};
		D0A7FA8A2963E87D00D7C6A2 /* Products */ = {
			isa = PBXGroup;
			children = (
				D0A7FA892963E87D00D7C6A2 /* dhmindful.app */,
				D0A7FA9F2963E87E00D7C6A2 /* dhmindfulTests.xctest */,
				D0A7FAA92963E87E00D7C6A2 /* dhmindfulUITests.xctest */,
			);
			name = Products;
			sourceTree = "<group>";
		};
		D0A7FA8B2963E87D00D7C6A2 /* dhmindful */ = {
			isa = PBXGroup;
			children = (
				D0A7FA8C2963E87D00D7C6A2 /* AppDelegate.swift */,
				D0A7FA8E2963E87D00D7C6A2 /* SceneDelegate.swift */,
				D0A7FA902963E87D00D7C6A2 /* ViewController.swift */,
				D0A7FA922963E87D00D7C6A2 /* Main.storyboard */,
				D0A7FA952963E87E00D7C6A2 /* Assets.xcassets */,
				D0A7FA972963E87E00D7C6A2 /* LaunchScreen.storyboard */,
				D0A7FA9A2963E87E00D7C6A2 /* Info.plist */,
			);
			path = dhmindful;
			sourceTree = "<group>";
		};
		D0A7FAA22963E87E00D7C6A2 /* dhmindfulTests */ = {
			isa = PBXGroup;
			children = (
				D0A7FAA32963E87E00D7C6A2 /* dhmindfulTests.swift */,
			);
			path = dhmindfulTests;
			sourceTree = "<group>";
		};
		D0A7FAAC2963E87E00D7C6A2 /* dhmindfulUITests */ = {
			isa = PBXGroup;
			children = (
				D0A7FAAD2963E87E00D7C6A2 /* dhmindfulUITests.swift */,
				D0A7FAAF2963E87E00D7C6A2 /* dhmindfulUITestsLaunchTests.swift */,
			);
			path = dhmindfulUITests;
			sourceTree = "<group>";
		};
/* End PBXGroup section */

/* Begin PBXNativeTarget section */
		D0A7FA882963E87D00D7C6A2 /* dhmindful */ = {
			isa = PBXNativeTarget;
			buildConfigurationList = D0A7FAB32963E87E00D7C6A2 /* Build configuration list for PBXNativeTarget "dhmindful" */;
			buildPhases = (
				D0A7FA852963E87D00D7C6A2 /* Sources */,
				D0A7FA862963E87D00D7C6A2 /* Frameworks */,
				D0A7FA872963E87D00D7C6A2 /* Resources */,
			);
			buildRules = (
			);
			dependencies = (
			);
			name = dhmindful;
			productName = dhmindful;
			productReference = D0A7FA892963E87D00D7C6A2 /* dhmindful.app */;
			productType = "com.apple.product-type.application";
		};
		D0A7FA9E2963E87E00D7C6A2 /* dhmindfulTests */ = {
			isa = PBXNativeTarget;
			buildConfigurationList = D0A7FAB62963E87E00D7C6A2 /* Build configuration list for PBXNativeTarget "dhmindfulTests" */;
			buildPhases = (
				D0A7FA9B2963E87E00D7C6A2 /* Sources */,
				D0A7FA9C2963E87E00D7C6A2 /* Frameworks */,
				D0A7FA9D2963E87E00D7C6A2 /* Resources */,
			);
			buildRules = (
			);
			dependencies = (
				D0A7FAA12963E87E00D7C6A2 /* PBXTargetDependency */,
			);
			name = dhmindfulTests;
			productName = dhmindfulTests;
			productReference = D0A7FA9F2963E87E00D7C6A2 /* dhmindfulTests.xctest */;
			productType = "com.apple.product-type.bundle.unit-test";
		};
		D0A7FAA82963E87E00D7C6A2 /* dhmindfulUITests */ = {
			isa = PBXNativeTarget;
			buildConfigurationList = D0A7FAB92963E87E00D7C6A2 /* Build configuration list for PBXNativeTarget "dhmindfulUITests" */;
			buildPhases = (
				D0A7FAA52963E87E00D7C6A2 /* Sources */,
				D0A7FAA62963E87E00D7C6A2 /* Frameworks */,
				D0A7FAA72963E87E00D7C6A2 /* Resources */,
			);
			buildRules = (
			);
			dependencies = (
				D0A7FAAB2963E87E00D7C6A2 /* PBXTargetDependency */,
			);
			name = dhmindfulUITests;
			productName = dhmindfulUITests;
			productReference = D0A7FAA92963E87E00D7C6A2 /* dhmindfulUITests.xctest */;
			productType = "com.apple.product-type.bundle.ui-testing";
		};
/* End PBXNativeTarget section */

/* Begin PBXProject section */
		D0A7FA812963E87D00D7C6A2 /* Project object */ = {
			isa = PBXProject;
			attributes = {
				BuildIndependentTargetsInParallel = 1;
				LastSwiftUpdateCheck = 1410;
				LastUpgradeCheck = 1410;
				TargetAttributes = {
					D0A7FA882963E87D00D7C6A2 = {
						CreatedOnToolsVersion = 14.1;
					};
					D0A7FA9E2963E87E00D7C6A2 = {
						CreatedOnToolsVersion = 14.1;
						TestTargetID = D0A7FA882963E87D00D7C6A2;
					};
					D0A7FAA82963E87E00D7C6A2 = {
						CreatedOnToolsVersion = 14.1;
						TestTargetID = D0A7FA882963E87D00D7C6A2;
					};
				};
			};
			buildConfigurationList = D0A7FA842963E87D00D7C6A2 /* Build configuration list for PBXProject "dhmindful" */;
			compatibilityVersion = "Xcode 14.0";
			developmentRegion = en;
			hasScannedForEncodings = 0;
			knownRegions = (
				en,
				Base,
			);
			mainGroup = D0A7FA802963E87D00D7C6A2;
			productRefGroup = D0A7FA8A2963E87D00D7C6A2 /* Products */;
			projectDirPath = "";
			projectRoot = "";
			targets = (
				D0A7FA882963E87D00D7C6A2 /* dhmindful */,
				D0A7FA9E2963E87E00D7C6A2 /* dhmindfulTests */,
				D0A7FAA82963E87E00D7C6A2 /* dhmindfulUITests */,
			);
		};
/* End PBXProject section */

/* Begin PBXResourcesBuildPhase section */
		D0A7FA872963E87D00D7C6A2 /* Resources */ = {
			isa = PBXResourcesBuildPhase;
			buildActionMask = 2147483647;
			files = (
				D0A7FA992963E87E00D7C6A2 /* LaunchScreen.storyboard in Resources */,
				D0A7FA962963E87E00D7C6A2 /* Assets.xcassets in Resources */,
				D0A7FA942963E87D00D7C6A2 /* Main.storyboard in Resources */,
			);
			runOnlyForDeploymentPostprocessing = 0;
		};
		D0A7FA9D2963E87E00D7C6A2 /* Resources */ = {
			isa = PBXResourcesBuildPhase;
			buildActionMask = 2147483647;
			files = (
			);
			runOnlyForDeploymentPostprocessing = 0;
		};
		D0A7FAA72963E87E00D7C6A2 /* Resources */ = {
			isa = PBXResourcesBuildPhase;
			buildActionMask = 2147483647;
			files = (
			);
			runOnlyForDeploymentPostprocessing = 0;
		};
/* End PBXResourcesBuildPhase section */

/* Begin PBXSourcesBuildPhase section */
		D0A7FA852963E87D00D7C6A2 /* Sources */ = {
			isa = PBXSourcesBuildPhase;
			buildActionMask = 2147483647;
			files = (
				D0A7FA912963E87D00D7C6A2 /* ViewController.swift in Sources */,
				D0A7FA8D2963E87D00D7C6A2 /* AppDelegate.swift in Sources */,
				D0A7FA8F2963E87D00D7C6A2 /* SceneDelegate.swift in Sources */,
			);
			runOnlyForDeploymentPostprocessing = 0;
		};
		D0A7FA9B2963E87E00D7C6A2 /* Sources */ = {
			isa = PBXSourcesBuildPhase;
			buildActionMask = 2147483647;
			files = (
				D0A7FAA42963E87E00D7C6A2 /* dhmindfulTests.swift in Sources */,
			);
			runOnlyForDeploymentPostprocessing = 0;
		};
		D0A7FAA52963E87E00D7C6A2 /* Sources */ = {
			isa = PBXSourcesBuildPhase;
			buildActionMask = 2147483647;
			files = (
				D0A7FAB02963E87E00D7C6A2 /* dhmindfulUITestsLaunchTests.swift in Sources */,
				D0A7FAAE2963E87E00D7C6A2 /* dhmindfulUITests.swift in Sources */,
			);
			runOnlyForDeploymentPostprocessing = 0;
		};
/* End PBXSourcesBuildPhase section */

/* Begin PBXTargetDependency section */
		D0A7FAA12963E87E00D7C6A2 /* PBXTargetDependency */ = {
			isa = PBXTargetDependency;
			target = D0A7FA882963E87D00D7C6A2 /* dhmindful */;
			targetProxy = D0A7FAA02963E87E00D7C6A2 /* PBXContainerItemProxy */;
		};
		D0A7FAAB2963E87E00D7C6A2 /* PBXTargetDependency */ = {
			isa = PBXTargetDependency;
			target = D0A7FA882963E87D00D7C6A2 /* dhmindful */;
			targetProxy = D0A7FAAA2963E87E00D7C6A2 /* PBXContainerItemProxy */;
		};
/* End PBXTargetDependency section */

/* Begin PBXVariantGroup section */
		D0A7FA922963E87D00D7C6A2 /* Main.storyboard */ = {
			isa = PBXVariantGroup;
			children = (
				D0A7FA932963E87D00D7C6A2 /* Base */,
			);
			name = Main.storyboard;
			sourceTree = "<group>";
		};
		D0A7FA972963E87E00D7C6A2 /* LaunchScreen.storyboard */ = {
			isa = PBXVariantGroup;
			children = (
				D0A7FA982963E87E00D7C6A2 /* Base */,
			);
			name = LaunchScreen.storyboard;
			sourceTree = "<group>";
		};
/* End PBXVariantGroup section */

/* Begin XCBuildConfiguration section */
		D0A7FAB12963E87E00D7C6A2 /* Debug */ = {
			isa = XCBuildConfiguration;
			buildSettings = {
				ALWAYS_SEARCH_USER_PATHS = NO;
				CLANG_ANALYZER_NONNULL = YES;
				CLANG_ANALYZER_NUMBER_OBJECT_CONVERSION = YES_AGGRESSIVE;
				CLANG_CXX_LANGUAGE_STANDARD = "gnu++20";
				CLANG_ENABLE_MODULES = YES;
				CLANG_ENABLE_OBJC_ARC = YES;
				CLANG_ENABLE_OBJC_WEAK = YES;
				CLANG_WARN_BLOCK_CAPTURE_AUTORELEASING = YES;
				CLANG_WARN_BOOL_CONVERSION = YES;
				CLANG_WARN_COMMA = YES;
				CLANG_WARN_CONSTANT_CONVERSION = YES;
				CLANG_WARN_DEPRECATED_OBJC_IMPLEMENTATIONS = YES;
				CLANG_WARN_DIRECT_OBJC_ISA_USAGE = YES_ERROR;
				CLANG_WARN_DOCUMENTATION_COMMENTS = YES;
				CLANG_WARN_EMPTY_BODY = YES;
				CLANG_WARN_ENUM_CONVERSION = YES;
				CLANG_WARN_INFINITE_RECURSION = YES;
				CLANG_WARN_INT_CONVERSION = YES;
				CLANG_WARN_NON_LITERAL_NULL_CONVERSION = YES;
				CLANG_WARN_OBJC_IMPLICIT_RETAIN_SELF = YES;
				CLANG_WARN_OBJC_LITERAL_CONVERSION = YES;
				CLANG_WARN_OBJC_ROOT_CLASS = YES_ERROR;
				CLANG_WARN_QUOTED_INCLUDE_IN_FRAMEWORK_HEADER = YES;
				CLANG_WARN_RANGE_LOOP_ANALYSIS = YES;
				CLANG_WARN_STRICT_PROTOTYPES = YES;
				CLANG_WARN_SUSPICIOUS_MOVE = YES;
				CLANG_WARN_UNGUARDED_AVAILABILITY = YES_AGGRESSIVE;
				CLANG_WARN_UNREACHABLE_CODE = YES;
				CLANG_WARN__DUPLICATE_METHOD_MATCH = YES;
				COPY_PHASE_STRIP = NO;
				DEBUG_INFORMATION_FORMAT = dwarf;
				ENABLE_STRICT_OBJC_MSGSEND = YES;
				ENABLE_TESTABILITY = YES;
				GCC_C_LANGUAGE_STANDARD = gnu11;
				GCC_DYNAMIC_NO_PIC = NO;
				GCC_NO_COMMON_BLOCKS = YES;
				GCC_OPTIMIZATION_LEVEL = 0;
				GCC_PREPROCESSOR_DEFINITIONS = (
					"DEBUG=1",
					"$(inherited)",
				);
				GCC_WARN_64_TO_32_BIT_CONVERSION = YES;
				GCC_WARN_ABOUT_RETURN_TYPE = YES_ERROR;
				GCC_WARN_UNDECLARED_SELECTOR = YES;
				GCC_WARN_UNINITIALIZED_AUTOS = YES_AGGRESSIVE;
				GCC_WARN_UNUSED_FUNCTION = YES;
				GCC_WARN_UNUSED_VARIABLE = YES;
				IPHONEOS_DEPLOYMENT_TARGET = 16.1;
				MTL_ENABLE_DEBUG_INFO = INCLUDE_SOURCE;
				MTL_FAST_MATH = YES;
				ONLY_ACTIVE_ARCH = YES;
				SDKROOT = iphoneos;
				SWIFT_ACTIVE_COMPILATION_CONDITIONS = DEBUG;
				SWIFT_OPTIMIZATION_LEVEL = "-Onone";
			};
			name = Debug;
		};
		D0A7FAB22963E87E00D7C6A2 /* Release */ = {
			isa = XCBuildConfiguration;
			buildSettings = {
				ALWAYS_SEARCH_USER_PATHS = NO;
				CLANG_ANALYZER_NONNULL = YES;
				CLANG_ANALYZER_NUMBER_OBJECT_CONVERSION = YES_AGGRESSIVE;
				CLANG_CXX_LANGUAGE_STANDARD = "gnu++20";
				CLANG_ENABLE_MODULES = YES;
				CLANG_ENABLE_OBJC_ARC = YES;
				CLANG_ENABLE_OBJC_WEAK = YES;
				CLANG_WARN_BLOCK_CAPTURE_AUTORELEASING = YES;
				CLANG_WARN_BOOL_CONVERSION = YES;
				CLANG_WARN_COMMA = YES;
				CLANG_WARN_CONSTANT_CONVERSION = YES;
				CLANG_WARN_DEPRECATED_OBJC_IMPLEMENTATIONS = YES;
				CLANG_WARN_DIRECT_OBJC_ISA_USAGE = YES_ERROR;
				CLANG_WARN_DOCUMENTATION_COMMENTS = YES;
				CLANG_WARN_EMPTY_BODY = YES;
				CLANG_WARN_ENUM_CONVERSION = YES;
				CLANG_WARN_INFINITE_RECURSION = YES;
				CLANG_WARN_INT_CONVERSION = YES;
				CLANG_WARN_NON_LITERAL_NULL_CONVERSION = YES;
				CLANG_WARN_OBJC_IMPLICIT_RETAIN_SELF = YES;
				CLANG_WARN_OBJC_LITERAL_CONVERSION = YES;
				CLANG_WARN_OBJC_ROOT_CLASS = YES_ERROR;
				CLANG_WARN_QUOTED_INCLUDE_IN_FRAMEWORK_HEADER = YES;
				CLANG_WARN_RANGE_LOOP_ANALYSIS = YES;
				CLANG_WARN_STRICT_PROTOTYPES = YES;
				CLANG_WARN_SUSPICIOUS_MOVE = YES;
				CLANG_WARN_UNGUARDED_AVAILABILITY = YES_AGGRESSIVE;
				CLANG_WARN_UNREACHABLE_CODE = YES;
				CLANG_WARN__DUPLICATE_METHOD_MATCH = YES;
				COPY_PHASE_STRIP = NO;
				DEBUG_INFORMATION_FORMAT = "dwarf-with-dsym";
				ENABLE_NS_ASSERTIONS = NO;
				ENABLE_STRICT_OBJC_MSGSEND = YES;
				GCC_C_LANGUAGE_STANDARD = gnu11;
				GCC_NO_COMMON_BLOCKS = YES;
				GCC_WARN_64_TO_32_BIT_CONVERSION = YES;
				GCC_WARN_ABOUT_RETURN_TYPE = YES_ERROR;
				GCC_WARN_UNDECLARED_SELECTOR = YES;
				GCC_WARN_UNINITIALIZED_AUTOS = YES_AGGRESSIVE;
				GCC_WARN_UNUSED_FUNCTION = YES;
				GCC_WARN_UNUSED_VARIABLE = YES;
				IPHONEOS_DEPLOYMENT_TARGET = 16.1;
				MTL_ENABLE_DEBUG_INFO = NO;
				MTL_FAST_MATH = YES;
				SDKROOT = iphoneos;
				SWIFT_COMPILATION_MODE = wholemodule;
				SWIFT_OPTIMIZATION_LEVEL = "-O";
				VALIDATE_PRODUCT = YES;
			};
			name = Release;
		};
		D0A7FAB42963E87E00D7C6A2 /* Debug */ = {
			isa = XCBuildConfiguration;
			buildSettings = {
				ASSETCATALOG_COMPILER_APPICON_NAME = AppIcon;
				ASSETCATALOG_COMPILER_GLOBAL_ACCENT_COLOR_NAME = AccentColor;
				CODE_SIGN_STYLE = Automatic;
				CURRENT_PROJECT_VERSION = 1;
				GENERATE_INFOPLIST_FILE = YES;
				INFOPLIST_FILE = dhmindful/Info.plist;
				INFOPLIST_KEY_UIApplicationSupportsIndirectInputEvents = YES;
				INFOPLIST_KEY_UILaunchStoryboardName = LaunchScreen;
				INFOPLIST_KEY_UIMainStoryboardFile = Main;
				INFOPLIST_KEY_UISupportedInterfaceOrientations_iPad = "UIInterfaceOrientationPortrait UIInterfaceOrientationPortraitUpsideDown UIInterfaceOrientationLandscapeLeft UIInterfaceOrientationLandscapeRight";
				INFOPLIST_KEY_UISupportedInterfaceOrientations_iPhone = "UIInterfaceOrientationPortrait UIInterfaceOrientationLandscapeLeft UIInterfaceOrientationLandscapeRight";
				LD_RUNPATH_SEARCH_PATHS = (
					"$(inherited)",
					"@executable_path/Frameworks",
				);
				MARKETING_VERSION = 1.0;
				PRODUCT_BUNDLE_IDENTIFIER = abrilx.dhmindful;
				PRODUCT_NAME = "$(TARGET_NAME)";
				SWIFT_EMIT_LOC_STRINGS = YES;
				SWIFT_VERSION = 5.0;
				TARGETED_DEVICE_FAMILY = "1,2";
			};
			name = Debug;
		};
		D0A7FAB52963E87E00D7C6A2 /* Release */ = {
			isa = XCBuildConfiguration;
			buildSettings = {
				ASSETCATALOG_COMPILER_APPICON_NAME = AppIcon;
				ASSETCATALOG_COMPILER_GLOBAL_ACCENT_COLOR_NAME = AccentColor;
				CODE_SIGN_STYLE = Automatic;
				CURRENT_PROJECT_VERSION = 1;
				GENERATE_INFOPLIST_FILE = YES;
				INFOPLIST_FILE = dhmindful/Info.plist;
				INFOPLIST_KEY_UIApplicationSupportsIndirectInputEvents = YES;
				INFOPLIST_KEY_UILaunchStoryboardName = LaunchScreen;
				INFOPLIST_KEY_UIMainStoryboardFile = Main;
				INFOPLIST_KEY_UISupportedInterfaceOrientations_iPad = "UIInterfaceOrientationPortrait UIInterfaceOrientationPortraitUpsideDown UIInterfaceOrientationLandscapeLeft UIInterfaceOrientationLandscapeRight";
				INFOPLIST_KEY_UISupportedInterfaceOrientations_iPhone = "UIInterfaceOrientationPortrait UIInterfaceOrientationLandscapeLeft UIInterfaceOrientationLandscapeRight";
				LD_RUNPATH_SEARCH_PATHS = (
					"$(inherited)",
					"@executable_path/Frameworks",
				);
				MARKETING_VERSION = 1.0;
				PRODUCT_BUNDLE_IDENTIFIER = abrilx.dhmindful;
				PRODUCT_NAME = "$(TARGET_NAME)";
				SWIFT_EMIT_LOC_STRINGS = YES;
				SWIFT_VERSION = 5.0;
				TARGETED_DEVICE_FAMILY = "1,2";
			};
			name = Release;
		};
		D0A7FAB72963E87E00D7C6A2 /* Debug */ = {
			isa = XCBuildConfiguration;
			buildSettings = {
				ALWAYS_EMBED_SWIFT_STANDARD_LIBRARIES = YES;
				BUNDLE_LOADER = "$(TEST_HOST)";
				CODE_SIGN_STYLE = Automatic;
				CURRENT_PROJECT_VERSION = 1;
				GENERATE_INFOPLIST_FILE = YES;
				IPHONEOS_DEPLOYMENT_TARGET = 16.1;
				MARKETING_VERSION = 1.0;
				PRODUCT_BUNDLE_IDENTIFIER = abrilx.dhmindfulTests;
				PRODUCT_NAME = "$(TARGET_NAME)";
				SWIFT_EMIT_LOC_STRINGS = NO;
				SWIFT_VERSION = 5.0;
				TARGETED_DEVICE_FAMILY = "1,2";
				TEST_HOST = "$(BUILT_PRODUCTS_DIR)/dhmindful.app/$(BUNDLE_EXECUTABLE_FOLDER_PATH)/dhmindful";
			};
			name = Debug;
		};
		D0A7FAB82963E87E00D7C6A2 /* Release */ = {
			isa = XCBuildConfiguration;
			buildSettings = {
				ALWAYS_EMBED_SWIFT_STANDARD_LIBRARIES = YES;
				BUNDLE_LOADER = "$(TEST_HOST)";
				CODE_SIGN_STYLE = Automatic;
				CURRENT_PROJECT_VERSION = 1;
				GENERATE_INFOPLIST_FILE = YES;
				IPHONEOS_DEPLOYMENT_TARGET = 16.1;
				MARKETING_VERSION = 1.0;
				PRODUCT_BUNDLE_IDENTIFIER = abrilx.dhmindfulTests;
				PRODUCT_NAME = "$(TARGET_NAME)";
				SWIFT_EMIT_LOC_STRINGS = NO;
				SWIFT_VERSION = 5.0;
				TARGETED_DEVICE_FAMILY = "1,2";
				TEST_HOST = "$(BUILT_PRODUCTS_DIR)/dhmindful.app/$(BUNDLE_EXECUTABLE_FOLDER_PATH)/dhmindful";
			};
			name = Release;
		};
		D0A7FABA2963E87E00D7C6A2 /* Debug */ = {
			isa = XCBuildConfiguration;
			buildSettings = {
				ALWAYS_EMBED_SWIFT_STANDARD_LIBRARIES = YES;
				CODE_SIGN_STYLE = Automatic;
				CURRENT_PROJECT_VERSION = 1;
				GENERATE_INFOPLIST_FILE = YES;
				MARKETING_VERSION = 1.0;
				PRODUCT_BUNDLE_IDENTIFIER = abrilx.dhmindfulUITests;
				PRODUCT_NAME = "$(TARGET_NAME)";
				SWIFT_EMIT_LOC_STRINGS = NO;
				SWIFT_VERSION = 5.0;
				TARGETED_DEVICE_FAMILY = "1,2";
				TEST_TARGET_NAME = dhmindful;
			};
			name = Debug;
		};
		D0A7FABB2963E87E00D7C6A2 /* Release */ = {
			isa = XCBuildConfiguration;
			buildSettings = {
				ALWAYS_EMBED_SWIFT_STANDARD_LIBRARIES = YES;
				CODE_SIGN_STYLE = Automatic;
				CURRENT_PROJECT_VERSION = 1;
				GENERATE_INFOPLIST_FILE = YES;
				MARKETING_VERSION = 1.0;
				PRODUCT_BUNDLE_IDENTIFIER = abrilx.dhmindfulUITests;
				PRODUCT_NAME = "$(TARGET_NAME)";
				SWIFT_EMIT_LOC_STRINGS = NO;
				SWIFT_VERSION = 5.0;
				TARGETED_DEVICE_FAMILY = "1,2";
				TEST_TARGET_NAME = dhmindful;
			};
			name = Release;
		};
/* End XCBuildConfiguration section */

/* Begin XCConfigurationList section */
		D0A7FA842963E87D00D7C6A2 /* Build configuration list for PBXProject "dhmindful" */ = {
			isa = XCConfigurationList;
			buildConfigurations = (
				D0A7FAB12963E87E00D7C6A2 /* Debug */,
				D0A7FAB22963E87E00D7C6A2 /* Release */,
			);
			defaultConfigurationIsVisible = 0;
			defaultConfigurationName = Release;
		};
		D0A7FAB32963E87E00D7C6A2 /* Build configuration list for PBXNativeTarget "dhmindful" */ = {
			isa = XCConfigurationList;
			buildConfigurations = (
				D0A7FAB42963E87E00D7C6A2 /* Debug */,
				D0A7FAB52963E87E00D7C6A2 /* Release */,
			);
			defaultConfigurationIsVisible = 0;
			defaultConfigurationName = Release;
		};
		D0A7FAB62963E87E00D7C6A2 /* Build configuration list for PBXNativeTarget "dhmindfulTests" */ = {
			isa = XCConfigurationList;
			buildConfigurations = (
				D0A7FAB72963E87E00D7C6A2 /* Debug */,
				D0A7FAB82963E87E00D7C6A2 /* Release */,
			);
			defaultConfigurationIsVisible = 0;
			defaultConfigurationName = Release;
		};
		D0A7FAB92963E87E00D7C6A2 /* Build configuration list for PBXNativeTarget "dhmindfulUITests" */ = {
			isa = XCConfigurationList;
			buildConfigurations = (
				D0A7FABA2963E87E00D7C6A2 /* Debug */,
				D0A7FABB2963E87E00D7C6A2 /* Release */,
			);
			defaultConfigurationIsVisible = 0;
			defaultConfigurationName = Release;
		};
/* End XCConfigurationList section */
	};
	rootObject = D0A7FA812963E87D00D7C6A2 /* Project object */;
}
